
Microsoft Visual Studio Solution File, Format Version 12.00
# Visual Studio 2015
Project("{FAE04EC0-301F-11D3-BF4B-00C04F79EFBC}") = "SuperBlaster", "SuperBlaster.csproj", "{19E4959D-F6C5-A335-F2DA-BC66845769C9}"
EndProject
Global
	GlobalSection(SolutionConfigurationPlatforms) = preSolution
		Debug|Any CPU = Debug|Any CPU
		Release|Any CPU = Release|Any CPU
	EndGlobalSection
	GlobalSection(ProjectConfigurationPlatforms) = postSolution
		{19E4959D-F6C5-A335-F2DA-BC66845769C9}.Debug|Any CPU.ActiveCfg = Debug|Any CPU
		{19E4959D-F6C5-A335-F2DA-BC66845769C9}.Debug|Any CPU.Build.0 = Debug|Any CPU
		{19E4959D-F6C5-A335-F2DA-BC66845769C9}.Release|Any CPU.ActiveCfg = Release|Any CPU
		{19E4959D-F6C5-A335-F2DA-BC66845769C9}.Release|Any CPU.Build.0 = Release|Any CPU
	EndGlobalSection
	GlobalSection(SolutionProperties) = preSolution
		HideSolutionNode = FALSE
	EndGlobalSection
EndGlobal
